// !$*UTF8*$!
{
	archiveVersion = 1;
	classes = {
	};
	objectVersion = 46;
	objects = {

/* Begin PBXBuildFile section */
		196BBF3A1EE14F47005D84E0 /* AppDelegate.swift in Sources */ = {isa = PBXBuildFile; fileRef = 196BBF391EE14F47005D84E0 /* AppDelegate.swift */; };
		196BBF3C1EE14F47005D84E0 /* ViewController.swift in Sources */ = {isa = PBXBuildFile; fileRef = 196BBF3B1EE14F47005D84E0 /* ViewController.swift */; };
		196BBF3F1EE14F47005D84E0 /* Main.storyboard in Resources */ = {isa = PBXBuildFile; fileRef = 196BBF3D1EE14F47005D84E0 /* Main.storyboard */; };
		196BBF411EE14F47005D84E0 /* Assets.xcassets in Resources */ = {isa = PBXBuildFile; fileRef = 196BBF401EE14F47005D84E0 /* Assets.xcassets */; };
		196BBF441EE14F47005D84E0 /* LaunchScreen.storyboard in Resources */ = {isa = PBXBuildFile; fileRef = 196BBF421EE14F47005D84E0 /* LaunchScreen.storyboard */; };
		196BBF4F1EE14F47005D84E0 /* sampleOmikujiTests.swift in Sources */ = {isa = PBXBuildFile; fileRef = 196BBF4E1EE14F47005D84E0 /* sampleOmikujiTests.swift */; };
		196BBF5A1EE14F48005D84E0 /* sampleOmikujiUITests.swift in Sources */ = {isa = PBXBuildFile; fileRef = 196BBF591EE14F48005D84E0 /* sampleOmikujiUITests.swift */; };
/* End PBXBuildFile section */

/* Begin PBXContainerItemProxy section */
		196BBF4B1EE14F47005D84E0 /* PBXContainerItemProxy */ = {
			isa = PBXContainerItemProxy;
			containerPortal = 196BBF2E1EE14F47005D84E0 /* Project object */;
			proxyType = 1;
			remoteGlobalIDString = 196BBF351EE14F47005D84E0;
			remoteInfo = sampleOmikuji;
		};
		196BBF561EE14F48005D84E0 /* PBXContainerItemProxy */ = {
			isa = PBXContainerItemProxy;
			containerPortal = 196BBF2E1EE14F47005D84E0 /* Project object */;
			proxyType = 1;
			remoteGlobalIDString = 196BBF351EE14F47005D84E0;
			remoteInfo = sampleOmikuji;
		};
/* End PBXContainerItemProxy section */

/* Begin PBXFileReference section */
		196BBF361EE14F47005D84E0 /* sampleOmikuji.app */ = {isa = PBXFileReference; explicitFileType = wrapper.application; includeInIndex = 0; path = sampleOmikuji.app; sourceTree = BUILT_PRODUCTS_DIR; };
		196BBF391EE14F47005D84E0 /* AppDelegate.swift */ = {isa = PBXFileReference; lastKnownFileType = sourcecode.swift; path = AppDelegate.swift; sourceTree = "<group>"; };
		196BBF3B1EE14F47005D84E0 /* ViewController.swift */ = {isa = PBXFileReference; lastKnownFileType = sourcecode.swift; path = ViewController.swift; sourceTree = "<group>"; };
		196BBF3E1EE14F47005D84E0 /* Base */ = {isa = PBXFileReference; lastKnownFileType = file.storyboard; name = Base; path = Base.lproj/Main.storyboard; sourceTree = "<group>"; };
		196BBF401EE14F47005D84E0 /* Assets.xcassets */ = {isa = PBXFileReference; lastKnownFileType = folder.assetcatalog; path = Assets.xcassets; sourceTree = "<group>"; };
		196BBF431EE14F47005D84E0 /* Base */ = {isa = PBXFileReference; lastKnownFileType = file.storyboard; name = Base; path = Base.lproj/LaunchScreen.storyboard; sourceTree = "<group>"; };
		196BBF451EE14F47005D84E0 /* Info.plist */ = {isa = PBXFileReference; lastKnownFileType = text.plist.xml; path = Info.plist; sourceTree = "<group>"; };
		196BBF4A1EE14F47005D84E0 /* sampleOmikujiTests.xctest */ = {isa = PBXFileReference; explicitFileType = wrapper.cfbundle; includeInIndex = 0; path = sampleOmikujiTests.xctest; sourceTree = BUILT_PRODUCTS_DIR; };
		196BBF4E1EE14F47005D84E0 /* sampleOmikujiTests.swift */ = {isa = PBXFileReference; lastKnownFileType = sourcecode.swift; path = sampleOmikujiTests.swift; sourceTree = "<group>"; };
		196BBF501EE14F48005D84E0 /* Info.plist */ = {isa = PBXFileReference; lastKnownFileType = text.plist.xml; path = Info.plist; sourceTree = "<group>"; };
		196BBF551EE14F48005D84E0 /* sampleOmikujiUITests.xctest */ = {isa = PBXFileReference; explicitFileType = wrapper.cfbundle; includeInIndex = 0; path = sampleOmikujiUITests.xctest; sourceTree = BUILT_PRODUCTS_DIR; };
		196BBF591EE14F48005D84E0 /* sampleOmikujiUITests.swift */ = {isa = PBXFileReference; lastKnownFileType = sourcecode.swift; path = sampleOmikujiUITests.swift; sourceTree = "<group>"; };
		196BBF5B1EE14F48005D84E0 /* Info.plist */ = {isa = PBXFileReference; lastKnownFileType = text.plist.xml; path = Info.plist; sourceTree = "<group>"; };
/* End PBXFileReference section */

/* Begin PBXFrameworksBuildPhase section */
		196BBF331EE14F47005D84E0 /* Frameworks */ = {
			isa = PBXFrameworksBuildPhase;
			buildActionMask = 2147483647;
			files = (
			);
			runOnlyForDeploymentPostprocessing = 0;
		};
		196BBF471EE14F47005D84E0 /* Frameworks */ = {
			isa = PBXFrameworksBuildPhase;
			buildActionMask = 2147483647;
			files = (
			);
			runOnlyForDeploymentPostprocessing = 0;
		};
		196BBF521EE14F48005D84E0 /* Frameworks */ = {
			isa = PBXFrameworksBuildPhase;
			buildActionMask = 2147483647;
			files = (
			);
			runOnlyForDeploymentPostprocessing = 0;
		};
/* End PBXFrameworksBuildPhase section */

/* Begin PBXGroup section */
		196BBF2D1EE14F47005D84E0 = {
			isa = PBXGroup;
			children = (
				196BBF381EE14F47005D84E0 /* sampleOmikuji */,
				196BBF4D1EE14F47005D84E0 /* sampleOmikujiTests */,
				196BBF581EE14F48005D84E0 /* sampleOmikujiUITests */,
				196BBF371EE14F47005D84E0 /* Products */,
			);
			sourceTree = "<group>";
		};
		196BBF371EE14F47005D84E0 /* Products */ = {
			isa = PBXGroup;
			children = (
				196BBF361EE14F47005D84E0 /* sampleOmikuji.app */,
				196BBF4A1EE14F47005D84E0 /* sampleOmikujiTests.xctest */,
				196BBF551EE14F48005D84E0 /* sampleOmikujiUITests.xctest */,
			);
			name = Products;
			sourceTree = "<group>";
		};
		196BBF381EE14F47005D84E0 /* sampleOmikuji */ = {
			isa = PBXGroup;
			children = (
				196BBF391EE14F47005D84E0 /* AppDelegate.swift */,
				196BBF3B1EE14F47005D84E0 /* ViewController.swift */,
				196BBF3D1EE14F47005D84E0 /* Main.storyboard */,
				196BBF401EE14F47005D84E0 /* Assets.xcassets */,
				196BBF421EE14F47005D84E0 /* LaunchScreen.storyboard */,
				196BBF451EE14F47005D84E0 /* Info.plist */,
			);
			path = sampleOmikuji;
			sourceTree = "<group>";
		};
		196BBF4D1EE14F47005D84E0 /* sampleOmikujiTests */ = {
			isa = PBXGroup;
			children = (
				196BBF4E1EE14F47005D84E0 /* sampleOmikujiTests.swift */,
				196BBF501EE14F48005D84E0 /* Info.plist */,
			);
			path = sampleOmikujiTests;
			sourceTree = "<group>";
		};
		196BBF581EE14F48005D84E0 /* sampleOmikujiUITests */ = {
			isa = PBXGroup;
			children = (
				196BBF591EE14F48005D84E0 /* sampleOmikujiUITests.swift */,
				196BBF5B1EE14F48005D84E0 /* Info.plist */,
			);
			path = sampleOmikujiUITests;
			sourceTree = "<group>";
		};
/* End PBXGroup section */

/* Begin PBXNativeTarget section */
		196BBF351EE14F47005D84E0 /* sampleOmikuji */ = {
			isa = PBXNativeTarget;
			buildConfigurationList = 196BBF5E1EE14F48005D84E0 /* Build configuration list for PBXNativeTarget "sampleOmikuji" */;
			buildPhases = (
				196BBF321EE14F47005D84E0 /* Sources */,
				196BBF331EE14F47005D84E0 /* Frameworks */,
				196BBF341EE14F47005D84E0 /* Resources */,
			);
			buildRules = (
			);
			dependencies = (
			);
			name = sampleOmikuji;
			productName = sampleOmikuji;
			productReference = 196BBF361EE14F47005D84E0 /* sampleOmikuji.app */;
			productType = "com.apple.product-type.application";
		};
		196BBF491EE14F47005D84E0 /* sampleOmikujiTests */ = {
			isa = PBXNativeTarget;
			buildConfigurationList = 196BBF611EE14F48005D84E0 /* Build configuration list for PBXNativeTarget "sampleOmikujiTests" */;
			buildPhases = (
				196BBF461EE14F47005D84E0 /* Sources */,
				196BBF471EE14F47005D84E0 /* Frameworks */,
				196BBF481EE14F47005D84E0 /* Resources */,
			);
			buildRules = (
			);
			dependencies = (
				196BBF4C1EE14F47005D84E0 /* PBXTargetDependency */,
			);
			name = sampleOmikujiTests;
			productName = sampleOmikujiTests;
			productReference = 196BBF4A1EE14F47005D84E0 /* sampleOmikujiTests.xctest */;
			productType = "com.apple.product-type.bundle.unit-test";
		};
		196BBF541EE14F48005D84E0 /* sampleOmikujiUITests */ = {
			isa = PBXNativeTarget;
			buildConfigurationList = 196BBF641EE14F48005D84E0 /* Build configuration list for PBXNativeTarget "sampleOmikujiUITests" */;
			buildPhases = (
				196BBF511EE14F48005D84E0 /* Sources */,
				196BBF521EE14F48005D84E0 /* Frameworks */,
				196BBF531EE14F48005D84E0 /* Resources */,
			);
			buildRules = (
			);
			dependencies = (
				196BBF571EE14F48005D84E0 /* PBXTargetDependency */,
			);
			name = sampleOmikujiUITests;
			productName = sampleOmikujiUITests;
			productReference = 196BBF551EE14F48005D84E0 /* sampleOmikujiUITests.xctest */;
			productType = "com.apple.product-type.bundle.ui-testing";
		};
/* End PBXNativeTarget section */

/* Begin PBXProject section */
		196BBF2E1EE14F47005D84E0 /* Project object */ = {
			isa = PBXProject;
			attributes = {
				LastSwiftUpdateCheck = 0830;
				LastUpgradeCheck = 0830;
				ORGANIZATIONNAME = "Eriko Ichinohe";
				TargetAttributes = {
					196BBF351EE14F47005D84E0 = {
						CreatedOnToolsVersion = 8.3.2;
						ProvisioningStyle = Automatic;
					};
					196BBF491EE14F47005D84E0 = {
						CreatedOnToolsVersion = 8.3.2;
						ProvisioningStyle = Automatic;
						TestTargetID = 196BBF351EE14F47005D84E0;
					};
					196BBF541EE14F48005D84E0 = {
						CreatedOnToolsVersion = 8.3.2;
						ProvisioningStyle = Automatic;
						TestTargetID = 196BBF351EE14F47005D84E0;
					};
				};
			};
			buildConfigurationList = 196BBF311EE14F47005D84E0 /* Build configuration list for PBXProject "sampleOmikuji" */;
			compatibilityVersion = "Xcode 3.2";
			developmentRegion = English;
			hasScannedForEncodings = 0;
			knownRegions = (
				en,
				Base,
			);
			mainGroup = 196BBF2D1EE14F47005D84E0;
			productRefGroup = 196BBF371EE14F47005D84E0 /* Products */;
			projectDirPath = "";
			projectRoot = "";
			targets = (
				196BBF351EE14F47005D84E0 /* sampleOmikuji */,
				196BBF491EE14F47005D84E0 /* sampleOmikujiTests */,
				196BBF541EE14F48005D84E0 /* sampleOmikujiUITests */,
			);
		};
/* End PBXProject section */

/* Begin PBXResourcesBuildPhase section */
		196BBF341EE14F47005D84E0 /* Resources */ = {
			isa = PBXResourcesBuildPhase;
			buildActionMask = 2147483647;
			files = (
				196BBF441EE14F47005D84E0 /* LaunchScreen.storyboard in Resources */,
				196BBF411EE14F47005D84E0 /* Assets.xcassets in Resources */,
				196BBF3F1EE14F47005D84E0 /* Main.storyboard in Resources */,
			);
			runOnlyForDeploymentPostprocessing = 0;
		};
		196BBF481EE14F47005D84E0 /* Resources */ = {
			isa = PBXResourcesBuildPhase;
			buildActionMask = 2147483647;
			files = (
			);
			runOnlyForDeploymentPostprocessing = 0;
		};
		196BBF531EE14F48005D84E0 /* Resources */ = {
			isa = PBXResourcesBuildPhase;
			buildActionMask = 2147483647;
			files = (
			);
			runOnlyForDeploymentPostprocessing = 0;
		};
/* End PBXResourcesBuildPhase section */

/* Begin PBXSourcesBuildPhase section */
		196BBF321EE14F47005D84E0 /* Sources */ = {
			isa = PBXSourcesBuildPhase;
			buildActionMask = 2147483647;
			files = (
				196BBF3C1EE14F47005D84E0 /* ViewController.swift in Sources */,
				196BBF3A1EE14F47005D84E0 /* AppDelegate.swift in Sources */,
			);
			runOnlyForDeploymentPostprocessing = 0;
		};
		196BBF461EE14F47005D84E0 /* Sources */ = {
			isa = PBXSourcesBuildPhase;
			buildActionMask = 2147483647;
			files = (
				196BBF4F1EE14F47005D84E0 /* sampleOmikujiTests.swift in Sources */,
			);
			runOnlyForDeploymentPostprocessing = 0;
		};
		196BBF511EE14F48005D84E0 /* Sources */ = {
			isa = PBXSourcesBuildPhase;
			buildActionMask = 2147483647;
			files = (
				196BBF5A1EE14F48005D84E0 /* sampleOmikujiUITests.swift in Sources */,
			);
			runOnlyForDeploymentPostprocessing = 0;
		};
/* End PBXSourcesBuildPhase section */

/* Begin PBXTargetDependency section */
		196BBF4C1EE14F47005D84E0 /* PBXTargetDependency */ = {
			isa = PBXTargetDependency;
			target = 196BBF351EE14F47005D84E0 /* sampleOmikuji */;
			targetProxy = 196BBF4B1EE14F47005D84E0 /* PBXContainerItemProxy */;
		};
		196BBF571EE14F48005D84E0 /* PBXTargetDependency */ = {
			isa = PBXTargetDependency;
			target = 196BBF351EE14F47005D84E0 /* sampleOmikuji */;
			targetProxy = 196BBF561EE14F48005D84E0 /* PBXContainerItemProxy */;
		};
/* End PBXTargetDependency section */

/* Begin PBXVariantGroup section */
		196BBF3D1EE14F47005D84E0 /* Main.storyboard */ = {
			isa = PBXVariantGroup;
			children = (
				196BBF3E1EE14F47005D84E0 /* Base */,
			);
			name = Main.storyboard;
			sourceTree = "<group>";
		};
		196BBF421EE14F47005D84E0 /* LaunchScreen.storyboard */ = {
			isa = PBXVariantGroup;
			children = (
				196BBF431EE14F47005D84E0 /* Base */,
			);
			name = LaunchScreen.storyboard;
			sourceTree = "<group>";
		};
/* End PBXVariantGroup section */

/* Begin XCBuildConfiguration section */
		196BBF5C1EE14F48005D84E0 /* Debug */ = {
			isa = XCBuildConfiguration;
			buildSettings = {
				ALWAYS_SEARCH_USER_PATHS = NO;
				CLANG_ANALYZER_NONNULL = YES;
				CLANG_ANALYZER_NUMBER_OBJECT_CONVERSION = YES_AGGRESSIVE;
				CLANG_CXX_LANGUAGE_STANDARD = "gnu++0x";
				CLANG_CXX_LIBRARY = "libc++";
				CLANG_ENABLE_MODULES = YES;
				CLANG_ENABLE_OBJC_ARC = YES;
				CLANG_WARN_BOOL_CONVERSION = YES;
				CLANG_WARN_CONSTANT_CONVERSION = YES;
				CLANG_WARN_DIRECT_OBJC_ISA_USAGE = YES_ERROR;
				CLANG_WARN_DOCUMENTATION_COMMENTS = YES;
				CLANG_WARN_EMPTY_BODY = YES;
				CLANG_WARN_ENUM_CONVERSION = YES;
				CLANG_WARN_INFINITE_RECURSION = YES;
				CLANG_WARN_INT_CONVERSION = YES;
				CLANG_WARN_OBJC_ROOT_CLASS = YES_ERROR;
				CLANG_WARN_SUSPICIOUS_MOVE = YES;
				CLANG_WARN_UNREACHABLE_CODE = YES;
				CLANG_WARN__DUPLICATE_METHOD_MATCH = YES;
				"CODE_SIGN_IDENTITY[sdk=iphoneos*]" = "iPhone Developer";
				COPY_PHASE_STRIP = NO;
				DEBUG_INFORMATION_FORMAT = dwarf;
				ENABLE_STRICT_OBJC_MSGSEND = YES;
				ENABLE_TESTABILITY = YES;
				GCC_C_LANGUAGE_STANDARD = gnu99;
				GCC_DYNAMIC_NO_PIC = NO;
				GCC_NO_COMMON_BLOCKS = YES;
				GCC_OPTIMIZATION_LEVEL = 0;
				GCC_PREPROCESSOR_DEFINITIONS = (
					"DEBUG=1",
					"$(inherited)",
				);
				GCC_WARN_64_TO_32_BIT_CONVERSION = YES;
				GCC_WARN_ABOUT_RETURN_TYPE = YES_ERROR;
				GCC_WARN_UNDECLARED_SELECTOR = YES;
				GCC_WARN_UNINITIALIZED_AUTOS = YES_AGGRESSIVE;
				GCC_WARN_UNUSED_FUNCTION = YES;
				GCC_WARN_UNUSED_VARIABLE = YES;
				IPHONEOS_DEPLOYMENT_TARGET = 10.3;
				MTL_ENABLE_DEBUG_INFO = YES;
				ONLY_ACTIVE_ARCH = YES;
				SDKROOT = iphoneos;
				SWIFT_ACTIVE_COMPILATION_CONDITIONS = DEBUG;
				SWIFT_OPTIMIZATION_LEVEL = "-Onone";
				TARGETED_DEVICE_FAMILY = "1,2";
			};
			name = Debug;
		};
		196BBF5D1EE14F48005D84E0 /* Release */ = {
			isa = XCBuildConfiguration;
			buildSettings = {
				ALWAYS_SEARCH_USER_PATHS = NO;
				CLANG_ANALYZER_NONNULL = YES;
				CLANG_ANALYZER_NUMBER_OBJECT_CONVERSION = YES_AGGRESSIVE;
				CLANG_CXX_LANGUAGE_STANDARD = "gnu++0x";
				CLANG_CXX_LIBRARY = "libc++";
				CLANG_ENABLE_MODULES = YES;
				CLANG_ENABLE_OBJC_ARC = YES;
				CLANG_WARN_BOOL_CONVERSION = YES;
				CLANG_WARN_CONSTANT_CONVERSION = YES;
				CLANG_WARN_DIRECT_OBJC_ISA_USAGE = YES_ERROR;
				CLANG_WARN_DOCUMENTATION_COMMENTS = YES;
				CLANG_WARN_EMPTY_BODY = YES;
				CLANG_WARN_ENUM_CONVERSION = YES;
				CLANG_WARN_INFINITE_RECURSION = YES;
				CLANG_WARN_INT_CONVERSION = YES;
				CLANG_WARN_OBJC_ROOT_CLASS = YES_ERROR;
				CLANG_WARN_SUSPICIOUS_MOVE = YES;
				CLANG_WARN_UNREACHABLE_CODE = YES;
				CLANG_WARN__DUPLICATE_METHOD_MATCH = YES;
				"CODE_SIGN_IDENTITY[sdk=iphoneos*]" = "iPhone Developer";
				COPY_PHASE_STRIP = NO;
				DEBUG_INFORMATION_FORMAT = "dwarf-with-dsym";
				ENABLE_NS_ASSERTIONS = NO;
				ENABLE_STRICT_OBJC_MSGSEND = YES;
				GCC_C_LANGUAGE_STANDARD = gnu99;
				GCC_NO_COMMON_BLOCKS = YES;
				GCC_WARN_64_TO_32_BIT_CONVERSION = YES;
				GCC_WARN_ABOUT_RETURN_TYPE = YES_ERROR;
				GCC_WARN_UNDECLARED_SELECTOR = YES;
				GCC_WARN_UNINITIALIZED_AUTOS = YES_AGGRESSIVE;
				GCC_WARN_UNUSED_FUNCTION = YES;
				GCC_WARN_UNUSED_VARIABLE = YES;
				IPHONEOS_DEPLOYMENT_TARGET = 10.3;
				MTL_ENABLE_DEBUG_INFO = NO;
				SDKROOT = iphoneos;
				SWIFT_OPTIMIZATION_LEVEL = "-Owholemodule";
				TARGETED_DEVICE_FAMILY = "1,2";
				VALIDATE_PRODUCT = YES;
			};
			name = Release;
		};
		196BBF5F1EE14F48005D84E0 /* Debug */ = {
			isa = XCBuildConfiguration;
			buildSettings = {
				ASSETCATALOG_COMPILER_APPICON_NAME = AppIcon;
				INFOPLIST_FILE = sampleOmikuji/Info.plist;
				LD_RUNPATH_SEARCH_PATHS = "$(inherited) @executable_path/Frameworks";
				PRODUCT_BUNDLE_IDENTIFIER = com.erikoichinohe.sampleOmikuji;
				PRODUCT_NAME = "$(TARGET_NAME)";
				SWIFT_VERSION = 3.0;
			};
			name = Debug;
		};
		196BBF601EE14F48005D84E0 /* Release */ = {
			isa = XCBuildConfiguration;
			buildSettings = {
				ASSETCATALOG_COMPILER_APPICON_NAME = AppIcon;
				INFOPLIST_FILE = sampleOmikuji/Info.plist;
				LD_RUNPATH_SEARCH_PATHS = "$(inherited) @executable_path/Frameworks";
				PRODUCT_BUNDLE_IDENTIFIER = com.erikoichinohe.sampleOmikuji;
				PRODUCT_NAME = "$(TARGET_NAME)";
				SWIFT_VERSION = 3.0;
			};
			name = Release;
		};
		196BBF621EE14F48005D84E0 /* Debug */ = {
			isa = XCBuildConfiguration;
			buildSettings = {
				ALWAYS_EMBED_SWIFT_STANDARD_LIBRARIES = YES;
				BUNDLE_LOADER = "$(TEST_HOST)";
				INFOPLIST_FILE = sampleOmikujiTests/Info.plist;
				LD_RUNPATH_SEARCH_PATHS = "$(inherited) @executable_path/Frameworks @loader_path/Frameworks";
				PRODUCT_BUNDLE_IDENTIFIER = com.erikoichinohe.sampleOmikujiTests;
				PRODUCT_NAME = "$(TARGET_NAME)";
				SWIFT_VERSION = 3.0;
				TEST_HOST = "$(BUILT_PRODUCTS_DIR)/sampleOmikuji.app/sampleOmikuji";
			};
			name = Debug;
		};
		196BBF631EE14F48005D84E0 /* Release */ = {
			isa = XCBuildConfiguration;
			buildSettings = {
				ALWAYS_EMBED_SWIFT_STANDARD_LIBRARIES = YES;
				BUNDLE_LOADER = "$(TEST_HOST)";
				INFOPLIST_FILE = sampleOmikujiTests/Info.plist;
				LD_RUNPATH_SEARCH_PATHS = "$(inherited) @executable_path/Frameworks @loader_path/Frameworks";
				PRODUCT_BUNDLE_IDENTIFIER = com.erikoichinohe.sampleOmikujiTests;
				PRODUCT_NAME = "$(TARGET_NAME)";
				SWIFT_VERSION = 3.0;
				TEST_HOST = "$(BUILT_PRODUCTS_DIR)/sampleOmikuji.app/sampleOmikuji";
			};
			name = Release;
		};
		196BBF651EE14F48005D84E0 /* Debug */ = {
			isa = XCBuildConfiguration;
			buildSettings = {
				ALWAYS_EMBED_SWIFT_STANDARD_LIBRARIES = YES;
				INFOPLIST_FILE = sampleOmikujiUITests/Info.plist;
				LD_RUNPATH_SEARCH_PATHS = "$(inherited) @executable_path/Frameworks @loader_path/Frameworks";
				PRODUCT_BUNDLE_IDENTIFIER = com.erikoichinohe.sampleOmikujiUITests;
				PRODUCT_NAME = "$(TARGET_NAME)";
				SWIFT_VERSION = 3.0;
				TEST_TARGET_NAME = sampleOmikuji;
			};
			name = Debug;
		};
		196BBF661EE14F48005D84E0 /* Release */ = {
			isa = XCBuildConfiguration;
			buildSettings = {
				ALWAYS_EMBED_SWIFT_STANDARD_LIBRARIES = YES;
				INFOPLIST_FILE = sampleOmikujiUITests/Info.plist;
				LD_RUNPATH_SEARCH_PATHS = "$(inherited) @executable_path/Frameworks @loader_path/Frameworks";
				PRODUCT_BUNDLE_IDENTIFIER = com.erikoichinohe.sampleOmikujiUITests;
				PRODUCT_NAME = "$(TARGET_NAME)";
				SWIFT_VERSION = 3.0;
				TEST_TARGET_NAME = sampleOmikuji;
			};
			name = Release;
		};
/* End XCBuildConfiguration section */

/* Begin XCConfigurationList section */
		196BBF311EE14F47005D84E0 /* Build configuration list for PBXProject "sampleOmikuji" */ = {
			isa = XCConfigurationList;
			buildConfigurations = (
				196BBF5C1EE14F48005D84E0 /* Debug */,
				196BBF5D1EE14F48005D84E0 /* Release */,
			);
			defaultConfigurationIsVisible = 0;
			defaultConfigurationName = Release;
		};
		196BBF5E1EE14F48005D84E0 /* Build configuration list for PBXNativeTarget "sampleOmikuji" */ = {
			isa = XCConfigurationList;
			buildConfigurations = (
				196BBF5F1EE14F48005D84E0 /* Debug */,
				196BBF601EE14F48005D84E0 /* Release */,
			);
			defaultConfigurationIsVisible = 0;
		};
		196BBF611EE14F48005D84E0 /* Build configuration list for PBXNativeTarget "sampleOmikujiTests" */ = {
			isa = XCConfigurationList;
			buildConfigurations = (
				196BBF621EE14F48005D84E0 /* Debug */,
				196BBF631EE14F48005D84E0 /* Release */,
			);
			defaultConfigurationIsVisible = 0;
		};
		196BBF641EE14F48005D84E0 /* Build configuration list for PBXNativeTarget "sampleOmikujiUITests" */ = {
			isa = XCConfigurationList;
			buildConfigurations = (
				196BBF651EE14F48005D84E0 /* Debug */,
				196BBF661EE14F48005D84E0 /* Release */,
			);
			defaultConfigurationIsVisible = 0;
		};
/* End XCConfigurationList section */
	};
	rootObject = 196BBF2E1EE14F47005D84E0 /* Project object */;
}
